<?xml version="1.0" encoding="utf-8"?>
<Project ToolsVersion="4.0" xmlns="http://schemas.microsoft.com/developer/msbuild/2003">
  <ItemGroup>
    <Filter Include="Source Files">
      <UniqueIdentifier>{4FC737F1-C7A5-4376-A066-2A32D752A2FF}</UniqueIdentifier>
      <Extensions>cpp;cxx;c;def</Extensions>
    </Filter>
    <Filter Include="Header Files">
      <UniqueIdentifier>{93995380-89BD-4b04-88EB-625FBE52EBFB}</UniqueIdentifier>
      <Extensions>h</Extensions>
    </Filter>
    <Filter Include="Form Files">
      <UniqueIdentifier>{99349809-55BA-4b9d-BF79-8FDBB0286EB3}</UniqueIdentifier>
      <Extensions>ui</Extensions>
    </Filter>
    <Filter Include="Resource Files">
      <UniqueIdentifier>{D9D6E242-F8AF-46E4-B9FD-80ECBC20BA3E}</UniqueIdentifier>
      <Extensions>qrc;*</Extensions>
      <ParseFiles>false</ParseFiles>
    </Filter>
    <Filter Include="Generated Files">
      <UniqueIdentifier>{71ED8ED8-ACB9-4CE9-BBE1-E00B30144E11}</UniqueIdentifier>
      <Extensions>moc;h;cpp</Extensions>
      <SourceControlFiles>False</SourceControlFiles>
    </Filter>
    <Filter Include="Generated Files\Debug">
      <UniqueIdentifier>{516d3d77-c0e2-4884-b004-985f0cb12898}</UniqueIdentifier>
      <Extensions>cpp;moc</Extensions>
      <SourceControlFiles>False</SourceControlFiles>
    </Filter>
    <Filter Include="Generated Files\Release">
      <UniqueIdentifier>{bb0b09b3-39b4-4b29-8914-258eb6be56cf}</UniqueIdentifier>
      <Extensions>cpp;moc</Extensions>
      <SourceControlFiles>False</SourceControlFiles>
    </Filter>
  </ItemGroup>
  <ItemGroup>
    <ClCompile Include="main.cpp">
      <Filter>Source Files</Filter>
    </ClCompile>
    <ClCompile Include="GeneratedFiles\qrc_umleditor.cpp">
      <Filter>Generated Files</Filter>
    </ClCompile>
    <ClCompile Include="GeneratedFiles\Debug\moc_editorview.cpp">
      <Filter>Generated Files\Debug</Filter>
    </ClCompile>
    <ClCompile Include="GeneratedFiles\Release\moc_editorview.cpp">
      <Filter>Generated Files\Release</Filter>
    </ClCompile>
    <ClCompile Include="editorView.cpp">
      <Filter>Source Files</Filter>
    </ClCompile>
    <ClCompile Include="sceneView.cpp">
      <Filter>Source Files</Filter>
    </ClCompile>
    <ClCompile Include="classObject.cpp">
      <Filter>Source Files</Filter>
    </ClCompile>
    <ClCompile Include="usecaseObject.cpp">
      <Filter>Source Files</Filter>
    </ClCompile>
    <ClCompile Include="selectArea.cpp">
      <Filter>Source Files</Filter>
    </ClCompile>
    <ClCompile Include="association.cpp">
      <Filter>Source Files</Filter>
    </ClCompile>
    <ClCompile Include="umlObject.cpp">
      <Filter>Source Files</Filter>
    </ClCompile>
    <ClCompile Include="port.cpp">
      <Filter>Source Files</Filter>
    </ClCompile>
    <ClCompile Include="generalization.cpp">
      <Filter>Source Files</Filter>
    </ClCompile>
    <ClCompile Include="connectLine.cpp">
      <Filter>Source Files</Filter>
    </ClCompile>
    <ClCompile Include="composition.cpp">
      <Filter>Source Files</Filter>
    </ClCompile>
    <ClCompile Include="mode.cpp">
      <Filter>Source Files</Filter>
    </ClCompile>
    <ClCompile Include="createClassMode.cpp">
      <Filter>Source Files</Filter>
    </ClCompile>
    <ClCompile Include="createUsecaseMode.cpp">
      <Filter>Source Files</Filter>
    </ClCompile>
    <ClCompile Include="createSelectMode.cpp">
      <Filter>Source Files</Filter>
    </ClCompile>
    <ClCompile Include="createAssociationMode.cpp">
      <Filter>Source Files</Filter>
    </ClCompile>
    <ClCompile Include="createGeneralizationMode.cpp">
      <Filter>Source Files</Filter>
    </ClCompile>
    <ClCompile Include="createCompositionMode.cpp">
      <Filter>Source Files</Filter>
    </ClCompile>
  </ItemGroup>
  <ItemGroup>
    <CustomBuild Include="umleditor.ui">
      <Filter>Form Files</Filter>
    </CustomBuild>
    <CustomBuild Include="umleditor.qrc">
      <Filter>Resource Files</Filter>
    </CustomBuild>
    <CustomBuild Include="editorview.h">
      <Filter>Header Files</Filter>
    </CustomBuild>
    <CustomBuild Include="usecaseObject.h">
      <Filter>Header Files</Filter>
    </CustomBuild>
  </ItemGroup>
  <ItemGroup>
    <ClInclude Include="GeneratedFiles\ui_umleditor.h">
      <Filter>Generated Files</Filter>
    </ClInclude>
    <ClInclude Include="sceneView.h">
      <Filter>Header Files</Filter>
    </ClInclude>
    <ClInclude Include="classObject.h">
      <Filter>Header Files</Filter>
    </ClInclude>
    <ClInclude Include="selectArea.h">
      <Filter>Header Files</Filter>
    </ClInclude>
    <ClInclude Include="association.h">
      <Filter>Header Files</Filter>
    </ClInclude>
    <ClInclude Include="umlObject.h">
      <Filter>Header Files</Filter>
    </ClInclude>
    <ClInclude Include="port.h">
      <Filter>Header Files</Filter>
    </ClInclude>
    <ClInclude Include="generalization.h">
      <Filter>Header Files</Filter>
    </ClInclude>
    <ClInclude Include="connectLine.h">
      <Filter>Header Files</Filter>
    </ClInclude>
    <ClInclude Include="composition.h">
      <Filter>Header Files</Filter>
    </ClInclude>
    <ClInclude Include="mode.h">
      <Filter>Header Files</Filter>
    </ClInclude>
    <ClInclude Include="createClassMode.h">
      <Filter>Header Files</Filter>
    </ClInclude>
    <ClInclude Include="createUsecaseMode.h">
      <Filter>Header Files</Filter>
    </ClInclude>
    <ClInclude Include="createSelectMode.h">
      <Filter>Header Files</Filter>
    </ClInclude>
    <ClInclude Include="createAssociationMode.h">
      <Filter>Header Files</Filter>
    </ClInclude>
    <ClInclude Include="createGeneralizationMode.h">
      <Filter>Header Files</Filter>
    </ClInclude>
    <ClInclude Include="createCompositionMode.h">
      <Filter>Header Files</Filter>
    </ClInclude>
  </ItemGroup>
</Project>